{
    "_meta": {
        "hash": {
            "sha256": "c221a9443ebb8841a3df3f084b9d4fd26ee6485d7afcad8b853476da3438531d"
        },
        "pipfile-spec": 6,
        "requires": {
            "python_full_version": "3.12.2",
            "python_version": "3.12"
        },
        "sources": [
            {
                "name": "pypi",
                "url": "https://pypi.org/simple",
                "verify_ssl": true
            }
        ]
    },
    "default": {
        "bleak": {
            "hashes": [
                "sha256:09010c0f4bd843e7dcaa1652e1bfb2450ce690da08d4c6163f0723aaa986e9fe",
                "sha256:8395c9e096f28e0ba1f3e6a8619fa21c327c484f720b7af3ea578d04f498a458"
            ],
            "markers": "python_version < '3.13' and python_version >= '3.8'",
            "version": "==0.22.2"
        },
        "createbme": {
            "hashes": [
                "sha256:19afb8876207bcc6ba7697a07f0498150d34189b70a0eab033afa4494507d872",
                "sha256:376b75857355266e0700e203fd6bc03e099ab13ec648b763ddc82892dd237b93"
            ],
            "index": "pypi",
            "markers": "python_version >= '3.7'",
            "version": "==1.2.3"
        },
        "dataclasses-json": {
            "hashes": [
                "sha256:0dbf33f26c8d5305befd61b39d2b3414e8a407bedc2834dea9b8d642666fb40a",
                "sha256:b6b3e528266ea45b9535223bc53ca645f5208833c29229e847b3f26a1cc55fc0"
            ],
            "markers": "python_version >= '3.7' and python_version < '4.0'",
            "version": "==0.6.7"
        },
        "deprecated": {
            "hashes": [
                "sha256:6fac8b097794a90302bdbb17b9b815e732d3c4720583ff1b198499d78470466c",
                "sha256:e5323eb936458dccc2582dc6f9c322c852a775a27065ff2b0c4970b9d53d01b3"
            ],
            "markers": "python_version >= '2.7' and python_version not in '3.0, 3.1, 3.2, 3.3'",
            "version": "==1.2.14"
        },
        "marshmallow": {
            "hashes": [
                "sha256:4f57c5e050a54d66361e826f94fba213eb10b67b2fdb02c3e0343ce207ba1662",
                "sha256:86ce7fb914aa865001a4b2092c4c2872d13bc347f3d42673272cabfdbad386f1"
            ],
            "markers": "python_version >= '3.8'",
            "version": "==3.21.3"
        },
        "mypy-extensions": {
            "hashes": [
                "sha256:4392f6c0eb8a5668a69e23d168ffa70f0be9ccfd32b5cc2d26a34ae5b844552d",
                "sha256:75dbf8955dc00442a438fc4d0666508a9a97b6bd41aa2f0ffe9d2f2725af0782"
            ],
            "markers": "python_version >= '3.5'",
            "version": "==1.0.0"
        },
        "numpy": {
            "hashes": [
                "sha256:03a8c78d01d9781b28a6989f6fa1bb2c4f2d51201cf99d3dd875df6fbd96b23b",
                "sha256:08beddf13648eb95f8d867350f6a018a4be2e5ad54c8d8caed89ebca558b2818",
                "sha256:1af303d6b2210eb850fcf03064d364652b7120803a0b872f5211f5234b399f20",
                "sha256:1dda2e7b4ec9dd512f84935c5f126c8bd8b9f2fc001e9f54af255e8c5f16b0e0",
                "sha256:2a02aba9ed12e4ac4eb3ea9421c420301a0c6460d9830d74a9df87efa4912010",
                "sha256:2e4ee3380d6de9c9ec04745830fd9e2eccb3e6cf790d39d7b98ffd19b0dd754a",
                "sha256:3373d5d70a5fe74a2c1bb6d2cfd9609ecf686d47a2d7b1d37a8f3b6bf6003aea",
                "sha256:47711010ad8555514b434df65f7d7b076bb8261df1ca9bb78f53d3b2db02e95c",
                "sha256:4c66707fabe114439db9068ee468c26bbdf909cac0fb58686a42a24de1760c71",
                "sha256:50193e430acfc1346175fcbdaa28ffec49947a06918b7b92130744e81e640110",
                "sha256:52b8b60467cd7dd1e9ed082188b4e6bb35aa5cdd01777621a1658910745b90be",
                "sha256:60dedbb91afcbfdc9bc0b1f3f402804070deed7392c23eb7a7f07fa857868e8a",
                "sha256:62b8e4b1e28009ef2846b4c7852046736bab361f7aeadeb6a5b89ebec3c7055a",
                "sha256:666dbfb6ec68962c033a450943ded891bed2d54e6755e35e5835d63f4f6931d5",
                "sha256:675d61ffbfa78604709862923189bad94014bef562cc35cf61d3a07bba02a7ed",
                "sha256:679b0076f67ecc0138fd2ede3a8fd196dddc2ad3254069bcb9faf9a79b1cebcd",
                "sha256:7349ab0fa0c429c82442a27a9673fc802ffdb7c7775fad780226cb234965e53c",
                "sha256:7ab55401287bfec946ced39700c053796e7cc0e3acbef09993a9ad2adba6ca6e",
                "sha256:7e50d0a0cc3189f9cb0aeb3a6a6af18c16f59f004b866cd2be1c14b36134a4a0",
                "sha256:95a7476c59002f2f6c590b9b7b998306fba6a5aa646b1e22ddfeaf8f78c3a29c",
                "sha256:96ff0b2ad353d8f990b63294c8986f1ec3cb19d749234014f4e7eb0112ceba5a",
                "sha256:9fad7dcb1aac3c7f0584a5a8133e3a43eeb2fe127f47e3632d43d677c66c102b",
                "sha256:9ff0f4f29c51e2803569d7a51c2304de5554655a60c5d776e35b4a41413830d0",
                "sha256:a354325ee03388678242a4d7ebcd08b5c727033fcff3b2f536aea978e15ee9e6",
                "sha256:a4abb4f9001ad2858e7ac189089c42178fcce737e4169dc61321660f1a96c7d2",
                "sha256:ab47dbe5cc8210f55aa58e4805fe224dac469cde56b9f731a4c098b91917159a",
                "sha256:afedb719a9dcfc7eaf2287b839d8198e06dcd4cb5d276a3df279231138e83d30",
                "sha256:b3ce300f3644fb06443ee2222c2201dd3a89ea6040541412b8fa189341847218",
                "sha256:b97fe8060236edf3662adfc2c633f56a08ae30560c56310562cb4f95500022d5",
                "sha256:bfe25acf8b437eb2a8b2d49d443800a5f18508cd811fea3181723922a8a82b07",
                "sha256:cd25bcecc4974d09257ffcd1f098ee778f7834c3ad767fe5db785be9a4aa9cb2",
                "sha256:d209d8969599b27ad20994c8e41936ee0964e6da07478d6c35016bc386b66ad4",
                "sha256:d5241e0a80d808d70546c697135da2c613f30e28251ff8307eb72ba696945764",
                "sha256:edd8b5fe47dab091176d21bb6de568acdd906d1887a4584a15a9a96a1dca06ef",
                "sha256:f870204a840a60da0b12273ef34f7051e98c3b5961b61b0c2c1be6dfd64fbcd3",
                "sha256:ffa75af20b44f8dba823498024771d5ac50620e6915abac414251bd971b4529f"
            ],
            "index": "pypi",
            "markers": "python_version >= '3.9'",
            "version": "==1.26.4"
        },
        "opencv-python": {
            "hashes": [
                "sha256:2e3c2557b176f1e528417520a52c0600a92c1bb1c359f3df8e6411ab4293f065",
                "sha256:5b49e530f7fd86f671514b39ffacdf5d14ceb073bc79d0de46bbb6b0cad78eaf",
                "sha256:5f78652339957ec24b80a782becfb32f822d2008a865512121fad8c3ce233e9a",
                "sha256:955c5ce8ac90c9e4636ad7f5c0d9c75b80abbe347182cfd09b0e3eec6e50472c",
                "sha256:dbc021eaa310c4145c47cd648cb973db69bb5780d6e635386cd53d3ea76bd2d5",
                "sha256:e6be19a0615aa8c4e0d34e0c7b133e26e386f4b7e9b557b69479104ab2c133ec",
                "sha256:ff54adc9e4daaf438e669664af08bec4a268c7b7356079338b8e4fae03810f2c"
            ],
            "index": "pypi",
            "markers": "python_version >= '3.6'",
            "version": "==4.10.0.82"
        },
        "packaging": {
            "hashes": [
                "sha256:026ed72c8ed3fcce5bf8950572258698927fd1dbda10a5e981cdf0ac37f4f002",
                "sha256:5b8f2217dbdbd2f7f384c41c628544e6d52f2d0f53c6d0c3ea61aa5d1d7ff124"
            ],
            "markers": "python_version >= '3.8'",
            "version": "==24.1"
        },
        "pyassimp": {
            "hashes": [
                "sha256:107d93780e4300d70698c4291c54dd32ff78e8cf0dafd56ac1801cd0260c36f3"
            ],
            "index": "pypi",
            "version": "==5.2.5"
        },
        "pyglet": {
            "hashes": [
                "sha256:42085567cece0c7f1c14e36eef799938cbf528cfbb0150c484b984f3ff1aa771",
                "sha256:9e4cc16efc308106fd3a9ff8f04e7a6f4f6a807c6ac8a331375efbbac8be85af"
            ],
            "index": "pypi",
            "markers": "python_version >= '3.8'",
            "version": "==2.0.15"
        },
        "pygltflib": {
            "hashes": [
                "sha256:4f9481f5841b0b8fb7b271b0414b394b503405260a6ee0cf2c330a5420d19b64"
            ],
            "index": "pypi",
            "markers": "python_version >= '3.6'",
            "version": "==1.16.2"
        },
        "pyopengl": {
            "hashes": [
                "sha256:a6ab19cf290df6101aaf7470843a9c46207789855746399d0af92521a0a92b7a",
                "sha256:eef31a3888e6984fd4d8e6c9961b184c9813ca82604d37fe3da80eb000a76c86"
            ],
            "index": "pypi",
            "version": "==3.1.7"
        },
        "pyopengl-accelerate": {
            "hashes": [
                "sha256:0114d80fa8c5879b297b53cf53ebce5a889553b582b3dae10639e5e79a19cde2",
                "sha256:02e2ca1e6daa14e7e87c005087e48749f13a767f881d4f16139fcc92ea2faebe",
                "sha256:08e332636e041444a0935a01c392afdde4c57b139acb10265c30c74e1fa0ee8d",
                "sha256:0cdba75f4b70e32afe2d402a48abcf7cdf97429b13d83d3cfe2f045160f4f8a7",
                "sha256:158c52ef9342d70867d3cc5e2309c5de118ed2313e9f8b3c637b190a8a0d3d9e",
                "sha256:1a3b5c6254a1a68e66f4294da931c5ca116705fd0933e36545a7c6f6a355398c",
                "sha256:2b123621273a939f7fd2ec227541e399f9b5d4e815d69ae0bdb1b6c70a293680",
                "sha256:3468783d40906ef933ebd3516be4ee3636d474e4d31c40bd33ca504669ba5f6f",
                "sha256:3cdbaf28f6da023b1ddd85894088a525bc1088680782ab973a322d8701bfd685",
                "sha256:3e14d8075804c97c42ce2fa1f7e3805d2d02a74253b523350e715b01f222e065",
                "sha256:4e9bfad17305c4854941b06f435dfa84cc1840baf8278aba47269766b8b1ff2d",
                "sha256:6547d45b7498bc5801cd2bb98b98590203be7026c87188be9de33182a7f87138",
                "sha256:67b9f9d86ed5a928ebf93ace86dd8a4959388e04e89e115075575bbbe72c6546",
                "sha256:6c1b2b93d25e9ec8475416ed18c27a0231f29dffe0b524d827276802534a3cde",
                "sha256:6ea0f3cdcec32ebd2a8abfd81bcb30a126ebe1a645ddffaa61366474e993a19d",
                "sha256:6f6530afd087fe7b2e98f97c3dcf7853086afe59e777778b40d5e8e2c72d8d48",
                "sha256:71b8a862ab85e02b7f88d935045be25ebc4104c3676263f0b90a91a520b66bd5",
                "sha256:8a5c76bfe6dead3ee79619e2ba143650a70c462ffcff150bbefc29e792410f58",
                "sha256:8c6ae12feb8b94e2110ad75cea10c337af5ed4c12f23c566fea89135fc013284",
                "sha256:8e1f8a351aa8d8b95dab9ec374162384a3e8b2fc76ba7792adb17eb183963605",
                "sha256:8eba741abba05ce711060f2c745fd3195314d78d362c0c6d9bd6ffdde1ad377b",
                "sha256:8f3392dc5874756f6cb03b406960cf48d5956fa31dcfb65614ee24c094a73791",
                "sha256:8fecc1aebc33c011a8445aedd1c3c951a15e2075343300045b62ea5d543041fd",
                "sha256:948bef39594f1142f38e21cf985d4f41a530dac65f07e3c6f04f02c94c3f15a8",
                "sha256:a104f8ee52cc042a06b642bae3b2deb819afdfa641b15ee63f9fe7b4e654df46",
                "sha256:a36b59f40b5c50c29e877933f512cdd3e3f92095f075e90ed14515eb5c064f71",
                "sha256:ab8b7c7b4bab48b8fbd52481b2618ae382ea66952008c2a0e8908dfca5caa61d",
                "sha256:ad8e2d186878946e5c4896d1c241af6b5f8cd87433e46741d29c3fdea6eba2c5",
                "sha256:b055975515fed03e9b84a348950cad3cba0441d5a5dcd264877d58e0d239019c",
                "sha256:be9d14277c356d53196f591879d47a20295a35ae3abb7c2a1667241af6bc6274",
                "sha256:c2636803fcbcb0767b1febd28153fd169a732577430cc9d2ab60ce322aaa1097",
                "sha256:caa2e7c3234340302620b4455472ca81c6fbf0dfa2e27ff3139dafcf921f21b6",
                "sha256:ccb73afacc8e0ed4fc68ff9ab3042e4c6bce3ce0587ec9d34dee18c4f032575e",
                "sha256:ce4ff263a8f1e698160286c1a97882885c7066294ec153666df6e36b791ea31c",
                "sha256:cf4ef5135069add79345bc954b12da1a4c3708ed99e3fd4c9b512cf5dc5767a0",
                "sha256:d3678b03e2cb41f87c84411313c441466497b7b829678ad5801944820f986cb7",
                "sha256:dbd24c2830780912aebcfc2cb886ac68a669cfe2889074c5a0299f2d0dd78587",
                "sha256:e8b41f94a185c71d4c2658e9ee1a6f14e555e8b83bd4e18e6367d66da6a39242",
                "sha256:eb3e737d364476379db8919375fe3eb9c284beaaa5aeb62f0f343286a5ecaff9",
                "sha256:ed4efe15eedc79415ee192a9ca8bec04f19c7e313444ac50e50ea26c80606ce2",
                "sha256:f2143cf1073c1377111873ec53b67cb9a75a546a101d8292670d0ffe40eca50d",
                "sha256:f7fcc0fb7a59082ecfde3bab9306c4f3153dcbf457a91d264e759178cea9ab97",
                "sha256:f8f92c9df088b43870b81d322b2288f23a50bd9937077c12dcf5d6e48b172c76"
            ],
            "index": "pypi",
            "version": "==3.1.7"
        },
        "python-osc": {
            "hashes": [
                "sha256:6fa7e5cf7690057712c26e5f67a747126e6a5f481a40792aad0f25ac3edee815",
                "sha256:a5ce1ba56c8d82df51cb3f2946b5dd33a70522791acc4b8564e62d2b20ad9caa"
            ],
            "index": "pypi",
            "markers": "python_version >= '3.7'",
            "version": "==1.8.3"
        },
        "scipy": {
            "hashes": [
                "sha256:017367484ce5498445aade74b1d5ab377acdc65e27095155e448c88497755a5d",
                "sha256:095a87a0312b08dfd6a6155cbbd310a8c51800fc931b8c0b84003014b874ed3c",
                "sha256:20335853b85e9a49ff7572ab453794298bcf0354d8068c5f6775a0eabf350aca",
                "sha256:27e52b09c0d3a1d5b63e1105f24177e544a222b43611aaf5bc44d4a0979e32f9",
                "sha256:2831f0dc9c5ea9edd6e51e6e769b655f08ec6db6e2e10f86ef39bd32eb11da54",
                "sha256:2ac65fb503dad64218c228e2dc2d0a0193f7904747db43014645ae139c8fad16",
                "sha256:392e4ec766654852c25ebad4f64e4e584cf19820b980bc04960bca0b0cd6eaa2",
                "sha256:436bbb42a94a8aeef855d755ce5a465479c721e9d684de76bf61a62e7c2b81d5",
                "sha256:45484bee6d65633752c490404513b9ef02475b4284c4cfab0ef946def50b3f59",
                "sha256:54f430b00f0133e2224c3ba42b805bfd0086fe488835effa33fa291561932326",
                "sha256:5713f62f781eebd8d597eb3f88b8bf9274e79eeabf63afb4a737abc6c84ad37b",
                "sha256:5d72782f39716b2b3509cd7c33cdc08c96f2f4d2b06d51e52fb45a19ca0c86a1",
                "sha256:637e98dcf185ba7f8e663e122ebf908c4702420477ae52a04f9908707456ba4d",
                "sha256:8335549ebbca860c52bf3d02f80784e91a004b71b059e3eea9678ba994796a24",
                "sha256:949ae67db5fa78a86e8fa644b9a6b07252f449dcf74247108c50e1d20d2b4627",
                "sha256:a014c2b3697bde71724244f63de2476925596c24285c7a637364761f8710891c",
                "sha256:a78b4b3345f1b6f68a763c6e25c0c9a23a9fd0f39f5f3d200efe8feda560a5fa",
                "sha256:cdd7dacfb95fea358916410ec61bbc20440f7860333aee6d882bb8046264e949",
                "sha256:cfa31f1def5c819b19ecc3a8b52d28ffdcc7ed52bb20c9a7589669dd3c250989",
                "sha256:d533654b7d221a6a97304ab63c41c96473ff04459e404b83275b60aa8f4b7004",
                "sha256:d605e9c23906d1994f55ace80e0125c587f96c020037ea6aa98d01b4bd2e222f",
                "sha256:de3ade0e53bc1f21358aa74ff4830235d716211d7d077e340c7349bc3542e884",
                "sha256:e89369d27f9e7b0884ae559a3a956e77c02114cc60a6058b4e5011572eea9299",
                "sha256:eccfa1906eacc02de42d70ef4aecea45415f5be17e72b61bafcfd329bdc52e94",
                "sha256:f26264b282b9da0952a024ae34710c2aff7d27480ee91a2e82b7b7073c24722f"
            ],
            "index": "pypi",
            "markers": "python_version >= '3.9'",
            "version": "==1.13.1"
        },
        "setuptools": {
            "hashes": [
                "sha256:54faa7f2e8d2d11bcd2c07bed282eef1046b5c080d1c32add737d7b5817b1ad4",
                "sha256:f211a66637b8fa059bb28183da127d4e86396c991a942b028c6650d4319c3fd0"
            ],
            "index": "pypi",
            "markers": "python_version >= '3.8'",
            "version": "==70.0.0"
        },
        "typing-extensions": {
            "hashes": [
                "sha256:04e5ca0351e0f3f85c6853954072df659d0d13fac324d0072316b67d7794700d",
                "sha256:1a7ead55c7e559dd4dee8856e3a88b41225abfe1ce8df57b7c13915fe121ffb8"
            ],
            "markers": "python_version >= '3.8'",
            "version": "==4.12.2"
        },
        "typing-inspect": {
            "hashes": [
                "sha256:9ee6fc59062311ef8547596ab6b955e1b8aa46242d854bfc78f4f6b0eff35f9f",
                "sha256:b23fc42ff6f6ef6954e4852c1fb512cdd18dbea03134f91f856a95ccc9461f78"
            ],
            "version": "==0.9.0"
        },
        "winrt-runtime": {
            "hashes": [
                "sha256:0947009e5f049bd7f3dd6284bb4161f644304877c9527c140f26e6daf9755767",
                "sha256:136142cecca5a87e13571277bace0ced0eee73f6d16dda967bc142bb7d4a0091",
                "sha256:33d9b3cb99bf96082e883af0db97adc74a7f0fc7339f9ab9d28f64d59bba1212",
                "sha256:4d485fe7d2528ae220aca621a94aeafa28d938ed679599b8c4bbad0fc8877d9d",
                "sha256:5dec5fc5e5f1be8fb7fd062ff30707500ff684b5fd5063fe4d7e9a196fdb9594",
                "sha256:6136966a7c9f01c6cd55c7e2bc3b67573069b7f8b8ee910f1f791bece09ad597",
                "sha256:66bd7b98b5e2e2a0ae81089c26b5c284ee5f36603121584c82f2d1e0dfbfec37",
                "sha256:72e3ddcda15b35e77b4e334c6cdbf345e76b12e176510cc9c3b7c61a08fb6ce8",
                "sha256:a734860406b445325168b7fd9b7e98539cec6c24dc8095e3b6e6db84b2c1a656",
                "sha256:b1d8c2c01b40755b8f546eaf01fef2c722af4fb6934e4ce7ad7e5eb7ba404846",
                "sha256:c13f40456b78f25934392a72b87cca3e50380c06732afedb7a18698f281ccd25",
                "sha256:d67360b744b1cc82efbe168ee21ed067483263f466aaab2f6321d9148b1b0552",
                "sha256:e13d3ba43f3a63b506965b32353589968507f608c6c6484fa2684eb4cb9a230a"
            ],
            "markers": "python_version >= '3.12' and platform_system == 'Windows'",
            "version": "==2.0.1"
        },
        "winrt-windows.devices.bluetooth": {
            "hashes": [
                "sha256:03b461fd1d2005ff22f212ee418cc9d387502f1ea86ace9a347e81554dc95822",
                "sha256:5a5bc9e541f23151255bd82ee3bffa319c35e9ba95879cdedf597cc8cc903f94",
                "sha256:62bae806ecdf3021e1ec685d5a44012657c0961ca2027eeb1c37864f53577e51",
                "sha256:695e62296d87c676d385d427374d4f8452fc457b58d5ecd3118af01e3829370d",
                "sha256:7f3b102e9b4bea1915cc922b571e0c226956c161102d228ec1788e3caf4e226d",
                "sha256:80ef50eb1d82cb869b6dc1f312bb5cd28a4c1f88946fc3abe7fc3c4f7ef2e4c8",
                "sha256:81971d961f41b71ca9999f3a6c03f35f50f9939bc144455ec6a7aea63aba8167",
                "sha256:838f66afb145e6a93fa5151f1e5883e55a781c5f1fdf37d2d903fcee7680565f",
                "sha256:89042d64cc556ac1c49fef46b0a25ad969a66a2c473ddd5fd5f4cbd735c30c77",
                "sha256:b6bac9fa687ab2ab4a98de2d7e96e21dfa7291bb388fcff4247096c099327cd6",
                "sha256:c91b3f54bfe1ed7e1e597566b83a625d32efe397b21473668046ccb4b57f5a28",
                "sha256:dffff7e6801b8e69e694b36fe1d147094fb6ac29ce54fd3ca3e52ab417473cc4",
                "sha256:f80dcbd2f297e2789f367ad1fd4033e0d69057eb9dfc631327215915a95ba0b4"
            ],
            "markers": "python_version >= '3.12' and platform_system == 'Windows'",
            "version": "==2.0.1"
        },
        "winrt-windows.devices.bluetooth.advertisement": {
            "hashes": [
                "sha256:0e91160a98e5b0fffae196982b5670e678ac919a6e14eb7e9798fdcbff45f8d2",
                "sha256:130e6238a1897bfef98a711cdb1b02694fa0e18eb67d8fd4019a64a53685b331",
                "sha256:231af49fc2154a6a248d3e7c2a3ea131ac3fb870a1701c3fa5be65f258eb70e0",
                "sha256:266755af11ecb01c0c8a626da5072011ab4e1aea90426f80e1269107b8e8780a",
                "sha256:3038f08fc6151055b4d11468b0dda3ee46ae6080b25221c4ea54c11b255a0f50",
                "sha256:480050e8928da6c7f1f99a2b60206fbfb3252817fee0a9123142c9f8754e5687",
                "sha256:856b00087a93763db157441eda78a308dc21cee816cbcf51ca7b4b07fde6cdb5",
                "sha256:86d11fd5c055f76eefac7f6cc02450832811503b83280e26a83613afe1d17c92",
                "sha256:9272aa9ca77b356892218f32d1ffac0215fcdf331802d3bed842fd4d1448aeef",
                "sha256:a63919f00fb15574443886be32295a1e95656eeda5c0a6299169338a276d03b0",
                "sha256:b547929477be00350118589f25dfc49f825e5df5da618afec465cede6af7e0a5",
                "sha256:c8495ce12fda8fce3da130664917eb199d19ca1ebf7d5ab996f5df584b5e3a1f",
                "sha256:ea5c861e11bc6d565ab5fe6a4af6e6064c1812fee1d0e8f9c6dff2daafbcc046"
            ],
            "markers": "python_version >= '3.12' and platform_system == 'Windows'",
            "version": "==2.0.1"
        },
        "winrt-windows.devices.bluetooth.genericattributeprofile": {
            "hashes": [
                "sha256:01e74c76d4f16b4490d78c8c7509f2570c843366c1c6bf196a5b729520a31258",
                "sha256:0695c73f0f20745c83ec9d7b5b8a6f55efd0df974dea81ad8382fad193f71275",
                "sha256:0a5118852dce4d50fd8d6c73ff3dc2c68403899b86060c0a85f7f0da284230cb",
                "sha256:21e8c0f158adcf0b40c4b5bfd5144aa312e5edaaf759d6599c85c118ebf60214",
                "sha256:26270ea815c26df35c5c74ad7f10a99dd976e27031cc7316350a0c0395b19ee6",
                "sha256:2bdbb55d4bef15c762a5d5b4e27b534146ec6580075ed9cc681e75e6ff0d5a97",
                "sha256:3e2a54db384dcf05265a855a2548e2abd9b7726c8ec4b9ad06059606c5d90409",
                "sha256:494000287b9b4e1b89fb4feb1379d95b2147dbf4bd4b1942f88c6c56afc2ba97",
                "sha256:69d7dabd53fbf9acdc2d206def60f5c9777416a9d6911c3420be700aaff4e492",
                "sha256:858e48931713ddfb2ad52614bb87a653d91c30f602e335a3ed27daca15860b54",
                "sha256:8a6385cc8a1749f049f29037b2cfcce781bc80721ca4734de8ef0375b55ca1e5",
                "sha256:944215e5623d0c746a6c2e356dec36cf3a7281933f0819a3b4f2fbbddb4af382",
                "sha256:b05d929b819e83e91299b0e5b937ea1ca524b15486791ee5b513ae026ef25efa"
            ],
            "markers": "python_version >= '3.12' and platform_system == 'Windows'",
            "version": "==2.0.1"
        },
        "winrt-windows.devices.enumeration": {
            "hashes": [
                "sha256:217c9d14e94aea5e497f7aa8cd808e9255df98e28a12417194729debe0b77e65",
                "sha256:504ca45a9b90387a2f4f727dbbeefcf79beb013ac7a29081bb14c8ab13e10367",
                "sha256:572b0918f9babc9d2c31d8df800a988df2cf18492e462de602babc5d97639b16",
                "sha256:6b6108466574846c969ba7d14e1d085948c1724cd087a494e1913315fb3ea4e0",
                "sha256:751c20ad01a58a3bb5f273c3cf653475448d8f77f7331b96af7fc87204f1bc6a",
                "sha256:828456ed950d8b427d78dfedd54bf7514e9793019dbf6a5a8f725560be364578",
                "sha256:8af4510ef393c3d97c71f082fc31412cf8b1cc8d8b74a30bab4144a5fd2edfe7",
                "sha256:8b28f4bc052a7442fdd7e3113021a264de972ca5421cc08ba53dd724f3826174",
                "sha256:9301f5e00bd2562b063e0f6e0de6f0596b7fb3eabc443bd7e115772de6cc08f9",
                "sha256:9999d93ae9441d35c564d498bb4d6767b593254a92b7c1559058a7450a0c304e",
                "sha256:b3d36f47715550ba980fb1be43cdfbac17a833744cb2f08c634349a8a31feb9c",
                "sha256:e3c0316f8487547fab36556b9ac94dec75551c70e0c977b92c4eb47c12d86bb0",
                "sha256:ed227dd22ece253db913de24e4fc5194d9f3272e2a5959a2450ae79e81bf7949"
            ],
            "markers": "python_version >= '3.12' and platform_system == 'Windows'",
            "version": "==2.0.1"
        },
        "winrt-windows.foundation": {
            "hashes": [
                "sha256:28ad6cd21126cc75cfb28527489e06699b36d8d6d5fdea5487e51c85ea9cc358",
                "sha256:29f648a66a3e3285fcb5fdd1821582d60f6b3021e5dcc02acb008c8f48f15e7a",
                "sha256:3c54ac18fea4a488dae8a3261f6633c17ed2a632c35d15112caa9294f8c5560d",
                "sha256:4b5df8a9f69b15c71fe9b6f4f8e8589fe043d4d7ab843bb73607c7a4adde68f1",
                "sha256:6e4da10cff652ac17740753c38ebe69565f5f970f60100106469b2e004ef312c",
                "sha256:75d5a4974662ca11eab1438a711433951bef2e7db156b0c7ca34f47fbd19f117",
                "sha256:7abbf10666d6da5dbfb6a47125786a05dac267731a3d38feb8faddade9bf1151",
                "sha256:a1dd4c93f435fd2f8f6e180af1cd2d3af8d22518b4c25c843e0b850b38e8be0f",
                "sha256:aab18ad12de63a353ab1847aff3216ba4e5499e328da5edcb72c8007da6bdb02",
                "sha256:b8868c73642c66798c18ce8021796acb9beea59b6d2361344e8776c27ab847c7",
                "sha256:bde9ecfc1c75410d669ee3124a84ba101d5a8ab1911807ad227658624fc22ffb",
                "sha256:d129a9fdfe5205bff2e9ccad705539fabd485ce6a8e47ded876aa664545b5216",
                "sha256:f8cdc6f1f81e241a8a4d19f9d323828e61d75bd77fecfbe0c4d735e385326c4e"
            ],
            "markers": "python_version >= '3.12' and platform_system == 'Windows'",
            "version": "==2.0.1"
        },
        "winrt-windows.foundation.collections": {
            "hashes": [
                "sha256:1f3e76f3298bec3938d94e4857c29af9776ec78112bdd09bb7794f06fd38bb13",
                "sha256:2464c2b67e732f7e05497ea04ee43b9926743f10e8766c90a279270a3afe4b6a",
                "sha256:2f9bc7e28f3ade1c1f3113939dbf630bfef5e3c3018c039a404d7e4d39aae4cb",
                "sha256:5f5aac867f2b2fbc65e453c942bfde5bb158e60f47d2615455143fab335694e8",
                "sha256:7d18955f161ba27d785c8fe2ef340f338b6edd2c5226fe2b005840e2a855e708",
                "sha256:805f8d9a2f61276eb8e4284d439c61893c5acca0c17265f6dc10b8747c89bc39",
                "sha256:84d66f1e2c8896534cfca80eaf4508e25d34e34b37b1e2eb4beb7462220edf78",
                "sha256:a4f299a006266632240cc66ade8d82db6167a769fb1b5ec76cf22f2dfb43777a",
                "sha256:ab1094c0091c573b1ecf72fd3cd8380d6eef9e6d0f59ccc5e676c697702eddc2",
                "sha256:be0bd1b45252da5142b6ee80e3e488ad50931c6595e70674556ccad36080f2a9",
                "sha256:c26ab7b3342669dc09be62db5c5434e7194fb6eb1ec5b03fba1163f6b3e7b843",
                "sha256:c63e46569024e1504cc8e3b4f233e69162bc92e0428b4e92cb7dbc7cdc89db5f",
                "sha256:d36a49ee53c8726148cac1920bf57a95b07eab576275b5efb0e97adea6fdacb2"
            ],
            "markers": "python_version >= '3.12' and platform_system == 'Windows'",
            "version": "==2.0.1"
        },
        "winrt-windows.storage.streams": {
            "hashes": [
                "sha256:08059774c6d49d195ce00c3802d19364f418a6f3e42b94373621551792d2da60",
                "sha256:0a5446194fb88125569e293657f6bac926731d8ff6126f1b693848fbd2c72167",
                "sha256:0e802596bac1b59476a4a5a0cd68c7bd0483c4c3b4e4a2489768108729213113",
                "sha256:23bfecd91c2b4355f2281dc0cf8a29a32f1783d61f7df8162c29516a30df98a2",
                "sha256:3de8351ed3a9cfcfd1d028ce97ffe90bb95744f906eef025b06e7f4431943ee6",
                "sha256:4bbbb6476e25563395834ca0d18a674f3ae97dde8b10e1713f569ec60557ed92",
                "sha256:5ba46b0c7ca819598d2559c2374be9fb1e374a0d866a4fdca15fc1900d83e080",
                "sha256:8d04759f1370514f95e486c7fad1ec33047dc8db275dd839bb906d79d2ee6088",
                "sha256:9e88593f17983b5714957c6f48e7ecdc8fb4410d57cd4b097aded722dc5243d3",
                "sha256:9fbc40f600ab44a45cda47b698bd8e494e80e221446a5958c4d8d59a8d46f117",
                "sha256:af2a459bdef54702972e05d9ba3bdc3583816404bddb79831f4a7b9a74e37ff1",
                "sha256:ed64b2215b6a1ff21c6849948e02fd7f31d1dbf81a4c25871d87dbb97029410e",
                "sha256:f6dec418ad0118c258a1b2999fc8d4fc0d9575e6353a75a242ff8cc63c9b2146"
            ],
            "markers": "python_version >= '3.12' and platform_system == 'Windows'",
            "version": "==2.0.1"
        },
        "wrapt": {
            "hashes": [
                "sha256:0d2691979e93d06a95a26257adb7bfd0c93818e89b1406f5a28f36e0d8c1e1fc",
                "sha256:14d7dc606219cdd7405133c713f2c218d4252f2a469003f8c46bb92d5d095d81",
                "sha256:1a5db485fe2de4403f13fafdc231b0dbae5eca4359232d2efc79025527375b09",
                "sha256:1acd723ee2a8826f3d53910255643e33673e1d11db84ce5880675954183ec47e",
                "sha256:1ca9b6085e4f866bd584fb135a041bfc32cab916e69f714a7d1d397f8c4891ca",
                "sha256:1dd50a2696ff89f57bd8847647a1c363b687d3d796dc30d4dd4a9d1689a706f0",
                "sha256:2076fad65c6736184e77d7d4729b63a6d1ae0b70da4868adeec40989858eb3fb",
                "sha256:2a88e6010048489cda82b1326889ec075a8c856c2e6a256072b28eaee3ccf487",
                "sha256:3ebf019be5c09d400cf7b024aa52b1f3aeebeff51550d007e92c3c1c4afc2a40",
                "sha256:418abb18146475c310d7a6dc71143d6f7adec5b004ac9ce08dc7a34e2babdc5c",
                "sha256:43aa59eadec7890d9958748db829df269f0368521ba6dc68cc172d5d03ed8060",
                "sha256:44a2754372e32ab315734c6c73b24351d06e77ffff6ae27d2ecf14cf3d229202",
                "sha256:490b0ee15c1a55be9c1bd8609b8cecd60e325f0575fc98f50058eae366e01f41",
                "sha256:49aac49dc4782cb04f58986e81ea0b4768e4ff197b57324dcbd7699c5dfb40b9",
                "sha256:5eb404d89131ec9b4f748fa5cfb5346802e5ee8836f57d516576e61f304f3b7b",
                "sha256:5f15814a33e42b04e3de432e573aa557f9f0f56458745c2074952f564c50e664",
                "sha256:5f370f952971e7d17c7d1ead40e49f32345a7f7a5373571ef44d800d06b1899d",
                "sha256:66027d667efe95cc4fa945af59f92c5a02c6f5bb6012bff9e60542c74c75c362",
                "sha256:66dfbaa7cfa3eb707bbfcd46dab2bc6207b005cbc9caa2199bcbc81d95071a00",
                "sha256:685f568fa5e627e93f3b52fda002c7ed2fa1800b50ce51f6ed1d572d8ab3e7fc",
                "sha256:6906c4100a8fcbf2fa735f6059214bb13b97f75b1a61777fcf6432121ef12ef1",
                "sha256:6a42cd0cfa8ffc1915aef79cb4284f6383d8a3e9dcca70c445dcfdd639d51267",
                "sha256:6dcfcffe73710be01d90cae08c3e548d90932d37b39ef83969ae135d36ef3956",
                "sha256:6f6eac2360f2d543cc875a0e5efd413b6cbd483cb3ad7ebf888884a6e0d2e966",
                "sha256:72554a23c78a8e7aa02abbd699d129eead8b147a23c56e08d08dfc29cfdddca1",
                "sha256:73870c364c11f03ed072dda68ff7aea6d2a3a5c3fe250d917a429c7432e15228",
                "sha256:73aa7d98215d39b8455f103de64391cb79dfcad601701a3aa0dddacf74911d72",
                "sha256:75ea7d0ee2a15733684badb16de6794894ed9c55aa5e9903260922f0482e687d",
                "sha256:7bd2d7ff69a2cac767fbf7a2b206add2e9a210e57947dd7ce03e25d03d2de292",
                "sha256:807cc8543a477ab7422f1120a217054f958a66ef7314f76dd9e77d3f02cdccd0",
                "sha256:8e9723528b9f787dc59168369e42ae1c3b0d3fadb2f1a71de14531d321ee05b0",
                "sha256:9090c9e676d5236a6948330e83cb89969f433b1943a558968f659ead07cb3b36",
                "sha256:9153ed35fc5e4fa3b2fe97bddaa7cbec0ed22412b85bcdaf54aeba92ea37428c",
                "sha256:9159485323798c8dc530a224bd3ffcf76659319ccc7bbd52e01e73bd0241a0c5",
                "sha256:941988b89b4fd6b41c3f0bfb20e92bd23746579736b7343283297c4c8cbae68f",
                "sha256:94265b00870aa407bd0cbcfd536f17ecde43b94fb8d228560a1e9d3041462d73",
                "sha256:98b5e1f498a8ca1858a1cdbffb023bfd954da4e3fa2c0cb5853d40014557248b",
                "sha256:9b201ae332c3637a42f02d1045e1d0cccfdc41f1f2f801dafbaa7e9b4797bfc2",
                "sha256:a0ea261ce52b5952bf669684a251a66df239ec6d441ccb59ec7afa882265d593",
                "sha256:a33a747400b94b6d6b8a165e4480264a64a78c8a4c734b62136062e9a248dd39",
                "sha256:a452f9ca3e3267cd4d0fcf2edd0d035b1934ac2bd7e0e57ac91ad6b95c0c6389",
                "sha256:a86373cf37cd7764f2201b76496aba58a52e76dedfaa698ef9e9688bfd9e41cf",
                "sha256:ac83a914ebaf589b69f7d0a1277602ff494e21f4c2f743313414378f8f50a4cf",
                "sha256:aefbc4cb0a54f91af643660a0a150ce2c090d3652cf4052a5397fb2de549cd89",
                "sha256:b3646eefa23daeba62643a58aac816945cadc0afaf21800a1421eeba5f6cfb9c",
                "sha256:b47cfad9e9bbbed2339081f4e346c93ecd7ab504299403320bf85f7f85c7d46c",
                "sha256:b935ae30c6e7400022b50f8d359c03ed233d45b725cfdd299462f41ee5ffba6f",
                "sha256:bb2dee3874a500de01c93d5c71415fcaef1d858370d405824783e7a8ef5db440",
                "sha256:bc57efac2da352a51cc4658878a68d2b1b67dbe9d33c36cb826ca449d80a8465",
                "sha256:bf5703fdeb350e36885f2875d853ce13172ae281c56e509f4e6eca049bdfb136",
                "sha256:c31f72b1b6624c9d863fc095da460802f43a7c6868c5dda140f51da24fd47d7b",
                "sha256:c5cd603b575ebceca7da5a3a251e69561bec509e0b46e4993e1cac402b7247b8",
                "sha256:d2efee35b4b0a347e0d99d28e884dfd82797852d62fcd7ebdeee26f3ceb72cf3",
                "sha256:d462f28826f4657968ae51d2181a074dfe03c200d6131690b7d65d55b0f360f8",
                "sha256:d5e49454f19ef621089e204f862388d29e6e8d8b162efce05208913dde5b9ad6",
                "sha256:da4813f751142436b075ed7aa012a8778aa43a99f7b36afe9b742d3ed8bdc95e",
                "sha256:db2e408d983b0e61e238cf579c09ef7020560441906ca990fe8412153e3b291f",
                "sha256:db98ad84a55eb09b3c32a96c576476777e87c520a34e2519d3e59c44710c002c",
                "sha256:dbed418ba5c3dce92619656802cc5355cb679e58d0d89b50f116e4a9d5a9603e",
                "sha256:dcdba5c86e368442528f7060039eda390cc4091bfd1dca41e8046af7c910dda8",
                "sha256:decbfa2f618fa8ed81c95ee18a387ff973143c656ef800c9f24fb7e9c16054e2",
                "sha256:e4fdb9275308292e880dcbeb12546df7f3e0f96c6b41197e0cf37d2826359020",
                "sha256:eb1b046be06b0fce7249f1d025cd359b4b80fc1c3e24ad9eca33e0dcdb2e4a35",
                "sha256:eb6e651000a19c96f452c85132811d25e9264d836951022d6e81df2fff38337d",
                "sha256:ed867c42c268f876097248e05b6117a65bcd1e63b779e916fe2e33cd6fd0d3c3",
                "sha256:edfad1d29c73f9b863ebe7082ae9321374ccb10879eeabc84ba3b69f2579d537",
                "sha256:f2058f813d4f2b5e3a9eb2eb3faf8f1d99b81c3e51aeda4b168406443e8ba809",
                "sha256:f6b2d0c6703c988d334f297aa5df18c45e97b0af3679bb75059e0e0bd8b1069d",
                "sha256:f8212564d49c50eb4565e502814f694e240c55551a5f1bc841d4fcaabb0a9b8a",
                "sha256:ffa565331890b90056c01db69c0fe634a776f8019c143a5ae265f9c6bc4bd6d4"
            ],
            "markers": "python_version >= '3.6'",
            "version": "==1.16.0"
        }
    },
    "develop": {}
}
